<Solution>
  <Folder Name="/Itens de Solução/">
    <File Path="global.json" />
  </Folder>
  <Folder Name="/src/" />
  <Folder Name="/src/BuildingBlock/" />
  <Folder Name="/src/BuildingBlock/Core/">
    <Project Path="src/building blocks/EAS.Core/EAS.Core.csproj" />
  </Folder>
  <Folder Name="/src/BuildingBlock/Services/">
    <Project Path="src/building blocks/EAS.WebApi.Core/EAS.WebApi.Core.csproj" Id="48929e48-5d71-4150-86a9-4b9b2f5b3fec" />
  </Folder>
  <Folder Name="/src/Services/" />
  <Folder Name="/src/Services/Carrinho/">
    <Project Path="src/services/EAS.Carrinho.API/EAS.Carrinho.API.csproj" />
  </Folder>
  <Folder Name="/src/Services/Catalogo/">
    <Project Path="src/services/EAS.Catalogo.API/EAS.Catalogo.API.csproj" />
  </Folder>
  <Folder Name="/src/Services/Cliente/">
    <Project Path="src/services/EAS.Cliente.API/EAS.Cliente.API.csproj" />
  </Folder>
  <Folder Name="/src/Services/Identity/">
    <Project Path="src/services/EAS.Identity.API/EAS.Identity.API.csproj" />
  </Folder>
  <Folder Name="/src/Services/Pagamento/">
    <Project Path="src/services/EAS.Pagamento.API/EAS.Pagamento.API.csproj" />
  </Folder>
  <Folder Name="/src/Services/Pedido/">
    <Project Path="src/services/EAS.Pedido.API/EAS.Pedido.API.csproj" />
  </Folder>
  <Folder Name="/src/Web/" />
  <Folder Name="/src/Web/MVC/">
    <Project Path="src/web/EAS.WebApp.MVC/EAS.WebApp.MVC.csproj" />
  </Folder>
</Solution>
